
Microsoft Visual Studio Solution File, Format Version 12.00
# Visual Studio 15
VisualStudioVersion = 15.0.27130.2024
MinimumVisualStudioVersion = 10.0.40219.1
Project("{FAE04EC0-301F-11D3-BF4B-00C04F79EFBC}") = "XmlBinFileConverter", "FileConverter\XmlBinFileConverter.csproj", "{6FDCB212-1BF5-475F-A70F-EC108F6509F0}"
EndProject
Project("{FAE04EC0-301F-11D3-BF4B-00C04F79EFBC}") = "Logger", "Logger\Logger.csproj", "{12B28560-F80B-4A1E-9E5C-5C420CD6977E}"
EndProject
Project("{FAE04EC0-301F-11D3-BF4B-00C04F79EFBC}") = "CommonFileConverter", "CommonFileConverter\CommonFileConverter.csproj", "{E53FCDF0-4D80-46BB-A0F6-90097F03B929}"
EndProject
Global
	GlobalSection(SolutionConfigurationPlatforms) = preSolution
		Debug|Any CPU = Debug|Any CPU
		Release|Any CPU = Release|Any CPU
	EndGlobalSection
	GlobalSection(ProjectConfigurationPlatforms) = postSolution
		{6FDCB212-1BF5-475F-A70F-EC108F6509F0}.Debug|Any CPU.ActiveCfg = Debug|Any CPU
		{6FDCB212-1BF5-475F-A70F-EC108F6509F0}.Debug|Any CPU.Build.0 = Debug|Any CPU
		{6FDCB212-1BF5-475F-A70F-EC108F6509F0}.Release|Any CPU.ActiveCfg = Release|Any CPU
		{6FDCB212-1BF5-475F-A70F-EC108F6509F0}.Release|Any CPU.Build.0 = Release|Any CPU
		{12B28560-F80B-4A1E-9E5C-5C420CD6977E}.Debug|Any CPU.ActiveCfg = Debug|Any CPU
		{12B28560-F80B-4A1E-9E5C-5C420CD6977E}.Debug|Any CPU.Build.0 = Debug|Any CPU
		{12B28560-F80B-4A1E-9E5C-5C420CD6977E}.Release|Any CPU.ActiveCfg = Release|Any CPU
		{12B28560-F80B-4A1E-9E5C-5C420CD6977E}.Release|Any CPU.Build.0 = Release|Any CPU
		{E53FCDF0-4D80-46BB-A0F6-90097F03B929}.Debug|Any CPU.ActiveCfg = Debug|Any CPU
		{E53FCDF0-4D80-46BB-A0F6-90097F03B929}.Debug|Any CPU.Build.0 = Debug|Any CPU
		{E53FCDF0-4D80-46BB-A0F6-90097F03B929}.Release|Any CPU.ActiveCfg = Release|Any CPU
		{E53FCDF0-4D80-46BB-A0F6-90097F03B929}.Release|Any CPU.Build.0 = Release|Any CPU
	EndGlobalSection
	GlobalSection(SolutionProperties) = preSolution
		HideSolutionNode = FALSE
	EndGlobalSection
	GlobalSection(ExtensibilityGlobals) = postSolution
		SolutionGuid = {9EB0EC5D-95F4-4064-94A0-7414D639EAE4}
	EndGlobalSection
EndGlobal
